
Microsoft Visual Studio Solution File, Format Version 12.00
# Visual Studio 2013
VisualStudioVersion = 12.0.31101.0
MinimumVisualStudioVersion = 10.0.40219.1
Project("{FAE04EC0-301F-11D3-BF4B-00C04F79EFBC}") = "MVCEFDemo.Web", "MVCEFDemo.Web\MVCEFDemo.Web.csproj", "{90720B3B-78E5-4ED7-901E-C3CAA2B713CB}"
EndProject
Project("{FAE04EC0-301F-11D3-BF4B-00C04F79EFBC}") = "MVCEFDemo.Model", "MVCEFDemo.Model\MVCEFDemo.Model.csproj", "{8CDC2A14-8B12-4F80-8A88-9C1AD8C5D871}"
EndProject
Project("{FAE04EC0-301F-11D3-BF4B-00C04F79EFBC}") = "MVCEFDemo.ViewModel", "MVCEFDemo.ViewModel\MVCEFDemo.ViewModel.csproj", "{8F5E3A1E-B04A-4819-8ABA-1B919640D0B2}"
EndProject
Project("{FAE04EC0-301F-11D3-BF4B-00C04F79EFBC}") = "MVCEFDemo.DAL", "MVCEFDemo.DAL\MVCEFDemo.DAL.csproj", "{6CF72DF4-84BC-4FDB-8CF2-F666FC1FB3CF}"
EndProject
Global
	GlobalSection(SolutionConfigurationPlatforms) = preSolution
		Debug|Any CPU = Debug|Any CPU
		Release|Any CPU = Release|Any CPU
	EndGlobalSection
	GlobalSection(ProjectConfigurationPlatforms) = postSolution
		{90720B3B-78E5-4ED7-901E-C3CAA2B713CB}.Debug|Any CPU.ActiveCfg = Debug|Any CPU
		{90720B3B-78E5-4ED7-901E-C3CAA2B713CB}.Debug|Any CPU.Build.0 = Debug|Any CPU
		{90720B3B-78E5-4ED7-901E-C3CAA2B713CB}.Release|Any CPU.ActiveCfg = Release|Any CPU
		{90720B3B-78E5-4ED7-901E-C3CAA2B713CB}.Release|Any CPU.Build.0 = Release|Any CPU
		{8CDC2A14-8B12-4F80-8A88-9C1AD8C5D871}.Debug|Any CPU.ActiveCfg = Debug|Any CPU
		{8CDC2A14-8B12-4F80-8A88-9C1AD8C5D871}.Debug|Any CPU.Build.0 = Debug|Any CPU
		{8CDC2A14-8B12-4F80-8A88-9C1AD8C5D871}.Release|Any CPU.ActiveCfg = Release|Any CPU
		{8CDC2A14-8B12-4F80-8A88-9C1AD8C5D871}.Release|Any CPU.Build.0 = Release|Any CPU
		{8F5E3A1E-B04A-4819-8ABA-1B919640D0B2}.Debug|Any CPU.ActiveCfg = Debug|Any CPU
		{8F5E3A1E-B04A-4819-8ABA-1B919640D0B2}.Debug|Any CPU.Build.0 = Debug|Any CPU
		{8F5E3A1E-B04A-4819-8ABA-1B919640D0B2}.Release|Any CPU.ActiveCfg = Release|Any CPU
		{8F5E3A1E-B04A-4819-8ABA-1B919640D0B2}.Release|Any CPU.Build.0 = Release|Any CPU
		{6CF72DF4-84BC-4FDB-8CF2-F666FC1FB3CF}.Debug|Any CPU.ActiveCfg = Debug|Any CPU
		{6CF72DF4-84BC-4FDB-8CF2-F666FC1FB3CF}.Debug|Any CPU.Build.0 = Debug|Any CPU
		{6CF72DF4-84BC-4FDB-8CF2-F666FC1FB3CF}.Release|Any CPU.ActiveCfg = Release|Any CPU
		{6CF72DF4-84BC-4FDB-8CF2-F666FC1FB3CF}.Release|Any CPU.Build.0 = Release|Any CPU
	EndGlobalSection
	GlobalSection(SolutionProperties) = preSolution
		HideSolutionNode = FALSE
	EndGlobalSection
EndGlobal
